<?xml version="1.0" encoding="utf-8"?>
<Project ToolsVersion="4.0" xmlns="http://schemas.microsoft.com/developer/msbuild/2003">
  <ItemGroup>
    <Filter Include="ImGui">
      <UniqueIdentifier>{8b6860e2-41a5-4e53-a253-6fa785cb8bfe}</UniqueIdentifier>
    </Filter>
    <Filter Include="Engine">
      <UniqueIdentifier>{f9a9780f-cc91-4f43-81f2-a71f14f8528a}</UniqueIdentifier>
    </Filter>
    <Filter Include="Glad">
      <UniqueIdentifier>{db9fd684-3058-4040-9399-cae66729442b}</UniqueIdentifier>
    </Filter>
    <Filter Include="Shaders">
      <UniqueIdentifier>{410f82bd-d92b-48f6-8515-3eb1c1af5b9d}</UniqueIdentifier>
    </Filter>
    <Filter Include="Stb">
      <UniqueIdentifier>{0ac2ff0f-5f18-480a-8bd6-6aa7428166bb}</UniqueIdentifier>
    </Filter>
    <Filter Include="Engine\Helpers">
      <UniqueIdentifier>{577d0e9a-f8ee-444d-9653-34940b946d0c}</UniqueIdentifier>
    </Filter>
    <Filter Include="Engine\Helpers\Types">
      <UniqueIdentifier>{8d76ab2d-b06f-4748-9f21-f858ad230e74}</UniqueIdentifier>
    </Filter>
    <Filter Include="Engine\Helpers\Globals">
      <UniqueIdentifier>{94f99b35-cf62-49c3-b3f7-ee5b762a9585}</UniqueIdentifier>
    </Filter>
    <Filter Include="Engine\Helpers\Includes">
      <UniqueIdentifier>{ca7e7c43-15ee-404a-8c07-bdf8b242c79f}</UniqueIdentifier>
    </Filter>
  </ItemGroup>
  <ItemGroup>
    <ClCompile Include="ThirdParty\imgui-docking\imgui.cpp">
      <Filter>ImGui</Filter>
    </ClCompile>
    <ClCompile Include="ThirdParty\imgui-docking\imgui_demo.cpp">
      <Filter>ImGui</Filter>
    </ClCompile>
    <ClCompile Include="ThirdParty\imgui-docking\imgui_draw.cpp">
      <Filter>ImGui</Filter>
    </ClCompile>
    <ClCompile Include="ThirdParty\imgui-docking\imgui_impl_glfw.cpp">
      <Filter>ImGui</Filter>
    </ClCompile>
    <ClCompile Include="ThirdParty\imgui-docking\imgui_impl_opengl3.cpp">
      <Filter>ImGui</Filter>
    </ClCompile>
    <ClCompile Include="ThirdParty\imgui-docking\imgui_tables.cpp">
      <Filter>ImGui</Filter>
    </ClCompile>
    <ClCompile Include="ThirdParty\imgui-docking\imgui_widgets.cpp">
      <Filter>ImGui</Filter>
    </ClCompile>
    <ClCompile Include="ThirdParty\glad\include\glad\glad.c">
      <Filter>Glad</Filter>
    </ClCompile>
    <ClCompile Include="ThirdParty\stb\stb.cpp">
      <Filter>Stb</Filter>
    </ClCompile>
    <ClCompile Include="Code\assimp_model_loading.cpp">
      <Filter>Engine</Filter>
    </ClCompile>
    <ClCompile Include="Code\engine.cpp">
      <Filter>Engine</Filter>
    </ClCompile>
    <ClCompile Include="Code\main.cpp">
      <Filter>Engine</Filter>
    </ClCompile>
    <ClCompile Include="Code\platform.cpp">
      <Filter>Engine</Filter>
    </ClCompile>
    <ClCompile Include="Code\input.cpp">
      <Filter>Engine\Helpers</Filter>
    </ClCompile>
    <ClCompile Include="Code\file_manager.cpp">
      <Filter>Engine\Helpers</Filter>
    </ClCompile>
    <ClCompile Include="Code\globals.cpp">
      <Filter>Engine\Helpers\Globals</Filter>
    </ClCompile>
  </ItemGroup>
  <ItemGroup>
    <ClInclude Include="ThirdParty\imgui-docking\imconfig.h">
      <Filter>ImGui</Filter>
    </ClInclude>
    <ClInclude Include="ThirdParty\imgui-docking\imgui.h">
      <Filter>ImGui</Filter>
    </ClInclude>
    <ClInclude Include="ThirdParty\imgui-docking\imgui_impl_glfw.h">
      <Filter>ImGui</Filter>
    </ClInclude>
    <ClInclude Include="ThirdParty\imgui-docking\imgui_impl_opengl3.h">
      <Filter>ImGui</Filter>
    </ClInclude>
    <ClInclude Include="ThirdParty\imgui-docking\imgui_internal.h">
      <Filter>ImGui</Filter>
    </ClInclude>
    <ClInclude Include="ThirdParty\imgui-docking\imstb_rectpack.h">
      <Filter>ImGui</Filter>
    </ClInclude>
    <ClInclude Include="ThirdParty\imgui-docking\imstb_textedit.h">
      <Filter>ImGui</Filter>
    </ClInclude>
    <ClInclude Include="ThirdParty\imgui-docking\imstb_truetype.h">
      <Filter>ImGui</Filter>
    </ClInclude>
    <ClInclude Include="ThirdParty\glad\include\glad\glad.h">
      <Filter>Glad</Filter>
    </ClInclude>
    <ClInclude Include="ThirdParty\glad\include\glad\khrplatform.h">
      <Filter>Glad</Filter>
    </ClInclude>
    <ClInclude Include="ThirdParty\stb\stb_image.h">
      <Filter>Stb</Filter>
    </ClInclude>
    <ClInclude Include="Code\engine.h">
      <Filter>Engine</Filter>
    </ClInclude>
    <ClInclude Include="Code\platform.h">
      <Filter>Engine</Filter>
    </ClInclude>
    <ClInclude Include="Code\input.h">
      <Filter>Engine\Helpers</Filter>
    </ClInclude>
    <ClInclude Include="Code\file_manager.h">
      <Filter>Engine\Helpers</Filter>
    </ClInclude>
    <ClInclude Include="Code\base_types.h">
      <Filter>Engine\Helpers\Types</Filter>
    </ClInclude>
    <ClInclude Include="Code\math_types.h">
      <Filter>Engine\Helpers\Types</Filter>
    </ClInclude>
    <ClInclude Include="Code\globals.h">
      <Filter>Engine\Helpers\Globals</Filter>
    </ClInclude>
    <ClInclude Include="Code\windows_includes.h">
      <Filter>Engine\Helpers\Includes</Filter>
    </ClInclude>
    <ClInclude Include="Code\imgui_includes.h">
      <Filter>Engine\Helpers\Includes</Filter>
    </ClInclude>
  </ItemGroup>
  <ItemGroup>
    <None Include="WorkingDir\shaders.glsl">
      <Filter>Shaders</Filter>
    </None>
  </ItemGroup>
</Project>